
Microsoft Visual Studio Solution File, Format Version 10.00
# Visual Studio 2008
Project("{F184B08F-C81C-45F6-A57F-5ABD9991F28F}") = "ProjectDataPopulator", "CreateDemoProject\ProjectDataPopulator.vbproj", "{EBF66D9B-0794-4E56-BB12-0027281A5193}"
EndProject
Global
	GlobalSection(SolutionConfigurationPlatforms) = preSolution
		Debug|Any CPU = Debug|Any CPU
		Release|Any CPU = Release|Any CPU
	EndGlobalSection
	GlobalSection(ProjectConfigurationPlatforms) = postSolution
		{EBF66D9B-0794-4E56-BB12-0027281A5193}.Debug|Any CPU.ActiveCfg = Debug|Any CPU
		{EBF66D9B-0794-4E56-BB12-0027281A5193}.Debug|Any CPU.Build.0 = Debug|Any CPU
		{EBF66D9B-0794-4E56-BB12-0027281A5193}.Release|Any CPU.ActiveCfg = Release|Any CPU
		{EBF66D9B-0794-4E56-BB12-0027281A5193}.Release|Any CPU.Build.0 = Release|Any CPU
	EndGlobalSection
	GlobalSection(SolutionProperties) = preSolution
		HideSolutionNode = FALSE
	EndGlobalSection
EndGlobal
